{
  "version": 4,
  "terraform_version": "1.1.2",
  "serial": 9,
  "lineage": "296a6672-9c30-4263-f9a0-1c0b558ccffd",
  "outputs": {},
  "resources": [
    {
      "mode": "managed",
      "type": "azurerm_storage_account",
      "name": "jc_storage_acct",
      "provider": "provider[\"registry.terraform.io/hashicorp/azurerm\"]",
      "instances": [
        {
          "schema_version": 3,
          "attributes": {
            "access_tier": "Hot",
            "account_kind": "StorageV2",
            "account_replication_type": "LRS",
            "account_tier": "Standard",
            "allow_nested_items_to_be_public": true,
            "azure_files_authentication": [],
            "blob_properties": [
              {
                "change_feed_enabled": false,
                "container_delete_retention_policy": [],
                "cors_rule": [],
                "default_service_version": "",
                "delete_retention_policy": [],
                "last_access_time_enabled": false,
                "versioning_enabled": false
              }
            ],
            "custom_domain": [],
            "customer_managed_key": [],
            "edge_zone": "",
            "enable_https_traffic_only": true,
            "id": "/subscriptions/239c71f8-a24e-41d1-96f6-b4f834a1f615/resourceGroups/JoePOC1/providers/Microsoft.Storage/storageAccounts/jcstoracctname1",
            "identity": [],
            "infrastructure_encryption_enabled": false,
            "is_hns_enabled": false,
            "large_file_share_enabled": null,
            "location": "eastus2",
            "min_tls_version": "TLS1_2",
            "name": "jcstoracctname1",
            "network_rules": [
              {
                "bypass": [
                  "AzureServices"
                ],
                "default_action": "Allow",
                "ip_rules": [],
                "private_link_access": [],
                "virtual_network_subnet_ids": []
              }
            ],
            "nfsv3_enabled": false,
            "primary_access_key": "NhCsDRsdKWmb1imqBnqJPYTEXx4QsR2XtB0fLalr4yP5Jt9D6hNfVZz+XIZgCMJJZrla+OE5TtlO+AStcKHayg==",
            "primary_blob_connection_string": "DefaultEndpointsProtocol=https;BlobEndpoint=https://jcstoracctname1.blob.core.windows.net/;AccountName=jcstoracctname1;AccountKey=NhCsDRsdKWmb1imqBnqJPYTEXx4QsR2XtB0fLalr4yP5Jt9D6hNfVZz+XIZgCMJJZrla+OE5TtlO+AStcKHayg==",
            "primary_blob_endpoint": "https://jcstoracctname1.blob.core.windows.net/",
            "primary_blob_host": "jcstoracctname1.blob.core.windows.net",
            "primary_connection_string": "DefaultEndpointsProtocol=https;AccountName=jcstoracctname1;AccountKey=NhCsDRsdKWmb1imqBnqJPYTEXx4QsR2XtB0fLalr4yP5Jt9D6hNfVZz+XIZgCMJJZrla+OE5TtlO+AStcKHayg==;EndpointSuffix=core.windows.net",
            "primary_dfs_endpoint": "https://jcstoracctname1.dfs.core.windows.net/",
            "primary_dfs_host": "jcstoracctname1.dfs.core.windows.net",
            "primary_file_endpoint": "https://jcstoracctname1.file.core.windows.net/",
            "primary_file_host": "jcstoracctname1.file.core.windows.net",
            "primary_location": "eastus2",
            "primary_queue_endpoint": "https://jcstoracctname1.queue.core.windows.net/",
            "primary_queue_host": "jcstoracctname1.queue.core.windows.net",
            "primary_table_endpoint": "https://jcstoracctname1.table.core.windows.net/",
            "primary_table_host": "jcstoracctname1.table.core.windows.net",
            "primary_web_endpoint": "https://jcstoracctname1.z20.web.core.windows.net/",
            "primary_web_host": "jcstoracctname1.z20.web.core.windows.net",
            "queue_encryption_key_type": "Service",
            "queue_properties": [],
            "resource_group_name": "JoePOC1",
            "routing": [],
            "secondary_access_key": "w6/o9LNLyqdXWcc8LMlRYznRtSLmQzTZnADiGwRf5o/Rk5WkBbVy8eqQxGVthQSx2Bh6G+26NgRu+AStbi599A==",
            "secondary_blob_connection_string": "",
            "secondary_blob_endpoint": null,
            "secondary_blob_host": null,
            "secondary_connection_string": "DefaultEndpointsProtocol=https;AccountName=jcstoracctname1;AccountKey=w6/o9LNLyqdXWcc8LMlRYznRtSLmQzTZnADiGwRf5o/Rk5WkBbVy8eqQxGVthQSx2Bh6G+26NgRu+AStbi599A==;EndpointSuffix=core.windows.net",
            "secondary_dfs_endpoint": null,
            "secondary_dfs_host": null,
            "secondary_file_endpoint": null,
            "secondary_file_host": null,
            "secondary_location": "",
            "secondary_queue_endpoint": null,
            "secondary_queue_host": null,
            "secondary_table_endpoint": null,
            "secondary_table_host": null,
            "secondary_web_endpoint": null,
            "secondary_web_host": null,
            "share_properties": [
              {
                "cors_rule": [],
                "retention_policy": [
                  {
                    "days": 7
                  }
                ],
                "smb": []
              }
            ],
            "shared_access_key_enabled": true,
            "static_website": [],
            "table_encryption_key_type": "Service",
            "tags": {
              "environment": "POC",
              "owner": "jc"
            },
            "timeouts": null
          },
          "sensitive_attributes": [],
          "private": "eyJlMmJmYjczMC1lY2FhLTExZTYtOGY4OC0zNDM2M2JjN2M0YzAiOnsiY3JlYXRlIjozNjAwMDAwMDAwMDAwLCJkZWxldGUiOjM2MDAwMDAwMDAwMDAsInJlYWQiOjMwMDAwMDAwMDAwMCwidXBkYXRlIjozNjAwMDAwMDAwMDAwfSwic2NoZW1hX3ZlcnNpb24iOiIzIn0="
        }
      ]
    }
  ]
}
