{
  "version": 4,
  "terraform_version": "1.1.2",
  "serial": 3,
  "lineage": "296a6672-9c30-4263-f9a0-1c0b558ccffd",
  "outputs": {},
  "resources": [
    {
      "mode": "managed",
      "type": "azurerm_storage_account",
      "name": "example",
      "provider": "provider[\"registry.terraform.io/hashicorp/azurerm\"]",
      "instances": []
    },
    {
      "mode": "managed",
      "type": "azurerm_subscription",
      "name": "example",
      "provider": "provider[\"registry.terraform.io/hashicorp/azurerm\"]",
      "instances": [
        {
          "schema_version": 0,
          "attributes": {
            "alias": "examplesub",
            "billing_scope_id": null,
            "id": "/providers/Microsoft.Subscription/aliases/examplesub",
            "subscription_id": "239c71f8-a24e-41d1-96f6-b4f834a1f615",
            "subscription_name": "Dev_Azure_10002_CloudSandbox3",
            "tags": null,
            "tenant_id": "0b5ac31e-e17a-4021-9d04-550f86320765",
            "timeouts": null,
            "workload": null
          },
          "sensitive_attributes": [],
          "private": "eyJlMmJmYjczMC1lY2FhLTExZTYtOGY4OC0zNDM2M2JjN2M0YzAiOnsiY3JlYXRlIjoxODAwMDAwMDAwMDAwLCJkZWxldGUiOjE4MDAwMDAwMDAwMDAsInJlYWQiOjMwMDAwMDAwMDAwMCwidXBkYXRlIjoxODAwMDAwMDAwMDAwfX0="
        }
      ]
    }
  ]
}
