{
  "version": 4,
  "terraform_version": "1.3.7",
  "serial": 1,
  "lineage": "124f35cf-2ece-4d1c-f5b2-14ca3afe266f",
  "outputs": {},
  "resources": [
    {
      "mode": "managed",
      "type": "azurerm_storage_account",
      "name": "AzStorageAccount",
      "provider": "provider[\"registry.terraform.io/hashicorp/azurerm\"]",
      "instances": [
        {
          "schema_version": 3,
          "attributes": {
            "access_tier": "Hot",
            "account_kind": "StorageV2",
            "account_replication_type": "LRS",
            "account_tier": "Premium",
            "allow_nested_items_to_be_public": true,
            "azure_files_authentication": [],
            "blob_properties": [
              {
                "change_feed_enabled": false,
                "change_feed_retention_in_days": 0,
                "container_delete_retention_policy": [],
                "cors_rule": [],
                "default_service_version": "",
                "delete_retention_policy": [],
                "last_access_time_enabled": false,
                "restore_policy": [],
                "versioning_enabled": false
              }
            ],
            "cross_tenant_replication_enabled": true,
            "custom_domain": [],
            "customer_managed_key": [],
            "default_to_oauth_authentication": false,
            "edge_zone": "",
            "enable_https_traffic_only": true,
            "id": "/subscriptions/239c71f8-a24e-41d1-96f6-b4f834a1f615/resourceGroups/JoePOC1/providers/Microsoft.Storage/storageAccounts/tftest2",
            "identity": [],
            "immutability_policy": [],
            "infrastructure_encryption_enabled": false,
            "is_hns_enabled": false,
            "large_file_share_enabled": null,
            "location": "eastus2",
            "min_tls_version": "TLS1_2",
            "name": "tftest2",
            "network_rules": [
              {
                "bypass": [
                  "AzureServices"
                ],
                "default_action": "Allow",
                "ip_rules": [],
                "private_link_access": [],
                "virtual_network_subnet_ids": []
              }
            ],
            "nfsv3_enabled": false,
            "primary_access_key": "3jAIsl8JdSGGF+fJLb9HtvLukf7LF+jAYL+0/QVCWhTsuBI5iAFo2FNPDSsZw//pX0Pxe5zGCsW9+AStiHzu+w==",
            "primary_blob_connection_string": "DefaultEndpointsProtocol=https;BlobEndpoint=https://tftest2.blob.core.windows.net/;AccountName=tftest2;AccountKey=3jAIsl8JdSGGF+fJLb9HtvLukf7LF+jAYL+0/QVCWhTsuBI5iAFo2FNPDSsZw//pX0Pxe5zGCsW9+AStiHzu+w==",
            "primary_blob_endpoint": "https://tftest2.blob.core.windows.net/",
            "primary_blob_host": "tftest2.blob.core.windows.net",
            "primary_connection_string": "DefaultEndpointsProtocol=https;AccountName=tftest2;AccountKey=3jAIsl8JdSGGF+fJLb9HtvLukf7LF+jAYL+0/QVCWhTsuBI5iAFo2FNPDSsZw//pX0Pxe5zGCsW9+AStiHzu+w==;EndpointSuffix=core.windows.net",
            "primary_dfs_endpoint": "",
            "primary_dfs_host": "",
            "primary_file_endpoint": "",
            "primary_file_host": "",
            "primary_location": "eastus2",
            "primary_queue_endpoint": "",
            "primary_queue_host": "",
            "primary_table_endpoint": "",
            "primary_table_host": "",
            "primary_web_endpoint": "https://tftest2.z20.web.core.windows.net/",
            "primary_web_host": "tftest2.z20.web.core.windows.net",
            "public_network_access_enabled": true,
            "queue_encryption_key_type": "Service",
            "queue_properties": null,
            "resource_group_name": "JoePOC1",
            "routing": [],
            "sas_policy": [],
            "secondary_access_key": "7UYVpI5zM2T/K26TIu5UcBVkyaIY92zQm2I3pt4PXzHiVGAztNhc0tBJ1fqR5CovtHgCO6Pz5S55+AStFVlOqA==",
            "secondary_blob_connection_string": "",
            "secondary_blob_endpoint": null,
            "secondary_blob_host": null,
            "secondary_connection_string": "DefaultEndpointsProtocol=https;AccountName=tftest2;AccountKey=7UYVpI5zM2T/K26TIu5UcBVkyaIY92zQm2I3pt4PXzHiVGAztNhc0tBJ1fqR5CovtHgCO6Pz5S55+AStFVlOqA==;EndpointSuffix=core.windows.net",
            "secondary_dfs_endpoint": null,
            "secondary_dfs_host": null,
            "secondary_file_endpoint": null,
            "secondary_file_host": null,
            "secondary_location": "",
            "secondary_queue_endpoint": null,
            "secondary_queue_host": null,
            "secondary_table_endpoint": null,
            "secondary_table_host": null,
            "secondary_web_endpoint": null,
            "secondary_web_host": null,
            "sftp_enabled": false,
            "share_properties": null,
            "shared_access_key_enabled": true,
            "static_website": [],
            "table_encryption_key_type": "Service",
            "tags": {
              "environment": "POC",
              "owner": "joseph cropper"
            },
            "timeouts": null
          },
          "sensitive_attributes": [],
          "private": "eyJlMmJmYjczMC1lY2FhLTExZTYtOGY4OC0zNDM2M2JjN2M0YzAiOnsiY3JlYXRlIjozNjAwMDAwMDAwMDAwLCJkZWxldGUiOjM2MDAwMDAwMDAwMDAsInJlYWQiOjMwMDAwMDAwMDAwMCwidXBkYXRlIjozNjAwMDAwMDAwMDAwfSwic2NoZW1hX3ZlcnNpb24iOiIzIn0="
        }
      ]
    }
  ],
  "check_results": null
}
